# THIS IS AN AUTOGENERATED FILE. DO NOT EDIT THIS FILE DIRECTLY.
# yarn lockfile v1


yaml@^2.5.1:
  version "2.5.1"
  resolved "https://registry.yarnpkg.com/yaml/-/yaml-2.5.1.tgz#c9772aacf62cb7494a95b0c4f1fb065b563db130"
  integrity sha512-bLQOjaX/ADgQ20isPJRvF0iRUHIxVhYvr53Of7wGcWlO2jvtUlH5m87DsmulFVxRpNLOnI4tB6p/oh8D7kpn9Q==
